# THIS IS AN AUTOGENERATED FILE. DO NOT EDIT THIS FILE DIRECTLY.
# yarn lockfile v1


"@adraffy/ens-normalize@1.10.1":
  version "1.10.1"
  resolved "https://registry.npmjs.org/@adraffy/ens-normalize/-/ens-normalize-1.10.1.tgz#63430d04bd8c5e74f8d7d049338f1cd9d4f02069"
  integrity sha512-96Z2IP3mYmF1Xg2cDm8f1gWGf/HUVedQ3FMifV4kG/PQ4yEP51xDtRAEfhVNt5f/uzpNkZHwWQuUcu6D6K+Ekw==

"@noble/curves@1.2.0":
  version "1.2.0"
  resolved "https://registry.npmjs.org/@noble/curves/-/curves-1.2.0.tgz#92d7e12e4e49b23105a2555c6984d41733d65c35"
  integrity sha512-oYclrNgRaM9SsBUBVbb8M6DTV7ZHRTKugureoYEncY5c65HOmRzvSiTE3y5CYaPYJA/GVkrhXEoF0M3Ya9PMnw==
  dependencies:
    "@noble/hashes" "1.3.2"

"@noble/curves@~1.8.1":
  version "1.8.2"
  resolved "https://registry.npmjs.org/@noble/curves/-/curves-1.8.2.tgz#8f24c037795e22b90ae29e222a856294c1d9ffc7"
  integrity sha512-vnI7V6lFNe0tLAuJMu+2sX+FcL14TaCWy1qiczg1VwRmPrpQCdq5ESXQMqUc2tluRNf6irBXrWbl1mGN8uaU/g==
  dependencies:
    "@noble/hashes" "1.7.2"

"@noble/hashes@1.3.2":
  version "1.3.2"
  resolved "https://registry.npmjs.org/@noble/hashes/-/hashes-1.3.2.tgz#6f26dbc8fbc7205873ce3cee2f690eba0d421b39"
  integrity sha512-MVC8EAQp7MvEcm30KWENFjgR+Mkmf+D189XJTkFIlwohU5hcBbn1ZkKq7KVTi2Hme3PMGF390DaL52beVrIihQ==

"@noble/hashes@1.7.2", "@noble/hashes@~1.7.1":
  version "1.7.2"
  resolved "https://registry.npmjs.org/@noble/hashes/-/hashes-1.7.2.tgz#d53c65a21658fb02f3303e7ee3ba89d6754c64b4"
  integrity sha512-biZ0NUSxyjLLqo6KxEJ1b+C2NAx0wtDoFvCaXHGgUkeHzf3Xc1xKumFKREuT7f7DARNZ/slvYUwFG6B0f2b6hQ==

"@paulmillr/trusted-setups@^0.1.2":
  version "0.1.2"
  resolved "https://registry.npmjs.org/@paulmillr/trusted-setups/-/trusted-setups-0.1.2.tgz#cec89fde3b349c7a91e4e6e4900cc8a153715e47"
  integrity sha512-NKpT0G4Blj+Vp9lbfczb7iPJm3B4njpzX8NXiQs8G51N4CLndCvLqEvksFlTJbNLwl3iwsGZHSvJRdfhfOHLwQ==

"@scure/base@~1.2.5":
  version "1.2.6"
  resolved "https://registry.npmjs.org/@scure/base/-/base-1.2.6.tgz#ca917184b8231394dd8847509c67a0be522e59f6"
  integrity sha512-g/nm5FgUa//MCj1gV09zTJTaM6KBAHqLN907YVQqf7zC49+DcO4B1so4ZX07Ef10Twr6nuqYEH9GEggFXA4Fmg==

"@types/fs-extra@^9.0.13":
  version "9.0.13"
  resolved "https://registry.npmjs.org/@types/fs-extra/-/fs-extra-9.0.13.tgz#7594fbae04fe7f1918ce8b3d213f74ff44ac1f45"
  integrity sha512-nEnwB++1u5lVDM2UI4c1+5R+FYaKfaAzS4OococimjVm3nQw3TuzH5UNsocrcTBbhnerblyHj4A49qXbIiZdpA==
  dependencies:
    "@types/node" "*"

"@types/node@*":
  version "24.7.2"
  resolved "https://registry.npmjs.org/@types/node/-/node-24.7.2.tgz#5adf66b6e2ac5cab1d10a2ad3682e359cb652f4a"
  integrity sha512-/NbVmcGTP+lj5oa4yiYxxeBjRivKQ5Ns1eSZeB99ExsEQ6rX5XYU1Zy/gGxY/ilqtD4Etx9mKyrPxZRetiahhA==
  dependencies:
    undici-types "~7.14.0"

"@types/node@22.7.5":
  version "22.7.5"
  resolved "https://registry.npmjs.org/@types/node/-/node-22.7.5.tgz#cfde981727a7ab3611a481510b473ae54442b92b"
  integrity sha512-jML7s2NAzMWc//QSJ1a3prpk78cOPchGvXJsC3C6R6PSMoooztvRVQEz89gmBTBY1SPMaqo5teB4uNHPdetShQ==
  dependencies:
    undici-types "~6.19.2"

"@types/node@^24.9.1":
  version "24.9.1"
  resolved "https://registry.npmjs.org/@types/node/-/node-24.9.1.tgz#b7360b3c789089e57e192695a855aa4f6981a53c"
  integrity sha512-QoiaXANRkSXK6p0Duvt56W208du4P9Uye9hWLWgGMDTEoKPhuenzNcC4vGUmrNkiOKTlIrBoyNQYNpSwfEZXSg==
  dependencies:
    undici-types "~7.16.0"

"@types/url-parse@^1.4.11":
  version "1.4.11"
  resolved "https://registry.npmjs.org/@types/url-parse/-/url-parse-1.4.11.tgz#01f8faa7b8bfd438e5f5efb8337a74513a15602b"
  integrity sha512-FKvKIqRaykZtd4n47LbK/W/5fhQQ1X7cxxzG9A48h0BGN+S04NH7ervcCjM8tyR0lyGru83FAHSmw2ObgKoESg==

aes-js@4.0.0-beta.5:
  version "4.0.0-beta.5"
  resolved "https://registry.npmjs.org/aes-js/-/aes-js-4.0.0-beta.5.tgz#8d2452c52adedebc3a3e28465d858c11ca315873"
  integrity sha512-G965FqalsNyrPqgEGON7nIx1e/OVENSgiEIzyC63haUMuvNnwIgIjMs52hlTCKhkBny7A2ORNlfY9Zu+jmGk1Q==

async-mutex@^0.5.0:
  version "0.5.0"
  resolved "https://registry.npmjs.org/async-mutex/-/async-mutex-0.5.0.tgz#353c69a0b9e75250971a64ac203b0ebfddd75482"
  integrity sha512-1A94B18jkJ3DYq284ohPxoXbfTA5HsQ7/Mf4DEhcyLx3Bz27Rh59iScbB6EPiP+B+joue6YCxcMXSbFC1tZKwA==
  dependencies:
    tslib "^2.4.0"

comlink@^4.4.2:
  version "4.4.2"
  resolved "https://registry.npmjs.org/comlink/-/comlink-4.4.2.tgz#cbbcd82742fbebc06489c28a183eedc5c60a2bca"
  integrity sha512-OxGdvBmJuNKSCMO4NTl1L47VRp6xn2wG4F/2hYzB6tiCb709otOxtEYCSvK80PtjODfXXZu8ds+Nw5kVCjqd2g==

dotenv@^16.4.5:
  version "16.6.1"
  resolved "https://registry.npmjs.org/dotenv/-/dotenv-16.6.1.tgz#773f0e69527a8315c7285d5ee73c4459d20a8020"
  integrity sha512-uBq4egWHTcTt33a72vpSG0z3HnPuIl6NqYcTrKEg2azoEyl2hpW0zqlxysq2pK9HlDIHyHyakeYaYnSAwd8bow==

dotenv@^17.2.3:
  version "17.2.3"
  resolved "https://registry.npmjs.org/dotenv/-/dotenv-17.2.3.tgz#ad995d6997f639b11065f419a22fabf567cdb9a2"
  integrity sha512-JVUnt+DUIzu87TABbhPmNfVdBDt18BLOWjMUFJMSi/Qqg7NTYtabbvSNJGOJ7afbRuv9D/lngizHtP7QyLQ+9w==

ethers@^6.12.0, ethers@^6.15.0:
  version "6.15.0"
  resolved "https://registry.npmjs.org/ethers/-/ethers-6.15.0.tgz#2980f2a3baf0509749b7e21f8692fa8a8349c0e3"
  integrity sha512-Kf/3ZW54L4UT0pZtsY/rf+EkBU7Qi5nnhonjUb8yTXcxH3cdcWrV2cRyk0Xk/4jK6OoHhxxZHriyhje20If2hQ==
  dependencies:
    "@adraffy/ens-normalize" "1.10.1"
    "@noble/curves" "1.2.0"
    "@noble/hashes" "1.3.2"
    "@types/node" "22.7.5"
    aes-js "4.0.0-beta.5"
    tslib "2.7.0"
    ws "8.17.1"

ethstorage-sdk@^4.1.4:
  version "4.1.4"
  resolved "https://registry.npmjs.org/ethstorage-sdk/-/ethstorage-sdk-4.1.4.tgz#2aca4d460f8d10baab831f6b8060304feef0d008"
  integrity sha512-ZVHoB9BPItTr1gwj4rJmxcMm+4iFSZZPCey7/LTeXDtKaKRepjHhe2FYU7/6nM5mLSNJaS+zNs2k4BCQUrYoqw==
  dependencies:
    async-mutex "^0.5.0"
    dotenv "^16.4.5"
    ethers "^6.15.0"
    js-kzg "^1.0.4"

js-kzg@^1.0.4:
  version "1.0.4"
  resolved "https://registry.npmjs.org/js-kzg/-/js-kzg-1.0.4.tgz#5dba2c7a157c3848178592b6666afc06144313ff"
  integrity sha512-rn5zL47kaWeMJ8CvUCS+nIYNaJPvArUzubeYP5ZznucVR7qXrkE/GgRCmxX2j3xDlkOYbZobWEOvvkv4JoE3ew==
  dependencies:
    "@paulmillr/trusted-setups" "^0.1.2"
    comlink "^4.4.2"
    kzg-wasm "^0.5.0"
    micro-eth-signer "^0.14.0"
    workerpool "^9.2.0"

kzg-wasm@^0.5.0:
  version "0.5.0"
  resolved "https://registry.npmjs.org/kzg-wasm/-/kzg-wasm-0.5.0.tgz#6540a1417c2c3d359d1df1b5fd3f49f812bc9302"
  integrity sha512-LK1M0dm62NKEyhaM6S0pMHKzyAB+KySUlbT+z/+N6fZvcg0jEqSAiz6YHPk8MWIadlT0vFx1uT6Pf9dLzhTn4g==

micro-eth-signer@^0.14.0:
  version "0.14.0"
  resolved "https://registry.npmjs.org/micro-eth-signer/-/micro-eth-signer-0.14.0.tgz#8aa1fe997d98d6bdf42f2071cef7eb01a66ecb22"
  integrity sha512-5PLLzHiVYPWClEvZIXXFu5yutzpadb73rnQCpUqIHu3No3coFuWQNfE5tkBQJ7djuLYl6aRLaS0MgWJYGoqiBw==
  dependencies:
    "@noble/curves" "~1.8.1"
    "@noble/hashes" "~1.7.1"
    micro-packed "~0.7.2"

micro-packed@~0.7.2:
  version "0.7.3"
  resolved "https://registry.npmjs.org/micro-packed/-/micro-packed-0.7.3.tgz#59e96b139dffeda22705c7a041476f24cabb12b6"
  integrity sha512-2Milxs+WNC00TRlem41oRswvw31146GiSaoCT7s3Xi2gMUglW5QBeqlQaZeHr5tJx9nm3i57LNXPqxOOaWtTYg==
  dependencies:
    "@scure/base" "~1.2.5"

p-limit@^7.2.0:
  version "7.2.0"
  resolved "https://registry.npmjs.org/p-limit/-/p-limit-7.2.0.tgz#afcf6b5a86d093660140497dda0e640dd01a7b3b"
  integrity sha512-ATHLtwoTNDloHRFFxFJdHnG6n2WUeFjaR8XQMFdKIv0xkXjrER8/iG9iu265jOM95zXHAfv9oTkqhrfbIzosrQ==
  dependencies:
    yocto-queue "^1.2.1"

querystringify@^2.1.1:
  version "2.2.0"
  resolved "https://registry.npmjs.org/querystringify/-/querystringify-2.2.0.tgz#3345941b4153cb9d082d8eee4cda2016a9aef7f6"
  integrity sha512-FIqgj2EUvTa7R50u0rGsyTftzjYmv/a3hO345bZNrqabNqjtgiDMgmo4mkUjd+nzU5oF3dClKqFIPUKybUyqoQ==

requires-port@^1.0.0:
  version "1.0.0"
  resolved "https://registry.npmjs.org/requires-port/-/requires-port-1.0.0.tgz#925d2601d39ac485e091cf0da5c6e694dc3dcaff"
  integrity sha512-KigOCHcocU3XODJxsu8i/j8T9tzT4adHiecwORRQ0ZZFcp7ahwXuRU1m+yuO90C5ZUyGeGfocHDI14M3L3yDAQ==

rxjs-async-map@^0.3.0-preview.0:
  version "0.3.0-preview.0"
  resolved "https://registry.npmjs.org/rxjs-async-map/-/rxjs-async-map-0.3.0-preview.0.tgz#b2fe55f2fb808ee7c3978ee7439ec0970b674b77"
  integrity sha512-GKjauFj17TqiAUavQuOjHM40G7GlbmFH47fE+MiWPC4MS11vPdFUz7PrHN4FGezRz2MQ3SzztQg4EM+RmbW2VA==

rxjs-stream@^5.0.0:
  version "5.0.0"
  resolved "https://registry.npmjs.org/rxjs-stream/-/rxjs-stream-5.0.0.tgz#654d6c109d38c7bceeff0abc3b532ec73bd161b7"
  integrity sha512-msDp3f8QLbm1BCFdsQ+e1pJjQjpzqPgHKpR5Q5WfjdkuGpjfOqBXVum+lMOU43IxhKykTKhOnxqJB6dgkBI/KQ==
  dependencies:
    "@types/fs-extra" "^9.0.13"

rxjs@^7.8.2:
  version "7.8.2"
  resolved "https://registry.npmjs.org/rxjs/-/rxjs-7.8.2.tgz#955bc473ed8af11a002a2be52071bf475638607b"
  integrity sha512-dhKf903U/PQZY6boNNtAGdWbG85WAbjT/1xYoZIC7FAY0yWapOBQVsVrDl58W86//e1VpMNBtRV4MaXfdMySFA==
  dependencies:
    tslib "^2.1.0"

superpathjoin@^2.0.1:
  version "2.0.1"
  resolved "https://registry.npmjs.org/superpathjoin/-/superpathjoin-2.0.1.tgz#57fdbad89a88a12f27635230d7fb0e66313bc233"
  integrity sha512-SvRdCHwKZEzjlM//VMBZYWmeu23NRtw5O29aBWDxEt4nD5GaWuRf9kmJuxmL8LfYMv+W+b/XhtU+7zFiaF6WAQ==

tslib@2.7.0:
  version "2.7.0"
  resolved "https://registry.npmjs.org/tslib/-/tslib-2.7.0.tgz#d9b40c5c40ab59e8738f297df3087bf1a2690c01"
  integrity sha512-gLXCKdN1/j47AiHiOkJN69hJmcbGTHI0ImLmbYLHykhgeN0jVGola9yVjFgzCUklsZQMW55o+dW7IXv3RCXDzA==

tslib@^2.1.0, tslib@^2.4.0:
  version "2.8.1"
  resolved "https://registry.npmjs.org/tslib/-/tslib-2.8.1.tgz#612efe4ed235d567e8aba5f2a5fab70280ade83f"
  integrity sha512-oJFu94HQb+KVduSUQL7wnpmqnfmLsOA/nAh6b6EH0wCEoK0/mPeXU6c3wKDV83MkOuHPRHtSXKKU99IBazS/2w==

typescript@^5.9.3:
  version "5.9.3"
  resolved "https://registry.npmjs.org/typescript/-/typescript-5.9.3.tgz#5b4f59e15310ab17a216f5d6cf53ee476ede670f"
  integrity sha512-jl1vZzPDinLr9eUt3J/t7V6FgNEw9QjvBPdysz9KfQDD41fQrC2Y4vKQdiaUpFT4bXlb1RHhLpp8wtm6M5TgSw==

undici-types@~6.19.2:
  version "6.19.8"
  resolved "https://registry.npmjs.org/undici-types/-/undici-types-6.19.8.tgz#35111c9d1437ab83a7cdc0abae2f26d88eda0a02"
  integrity sha512-ve2KP6f/JnbPBFyobGHuerC9g1FYGn/F8n1LWTwNxCEzd6IfqTwUQcNXgEtmmQ6DlRrC1hrSrBnCZPokRrDHjw==

undici-types@~7.14.0:
  version "7.14.0"
  resolved "https://registry.npmjs.org/undici-types/-/undici-types-7.14.0.tgz#4c037b32ca4d7d62fae042174604341588bc0840"
  integrity sha512-QQiYxHuyZ9gQUIrmPo3IA+hUl4KYk8uSA7cHrcKd/l3p1OTpZcM0Tbp9x7FAtXdAYhlasd60ncPpgu6ihG6TOA==

undici-types@~7.16.0:
  version "7.16.0"
  resolved "https://registry.npmjs.org/undici-types/-/undici-types-7.16.0.tgz#ffccdff36aea4884cbfce9a750a0580224f58a46"
  integrity sha512-Zz+aZWSj8LE6zoxD+xrjh4VfkIG8Ya6LvYkZqtUQGJPZjYl53ypCaUwWqo7eI0x66KBGeRo+mlBEkMSeSZ38Nw==

url-parse@^1.5.10:
  version "1.5.10"
  resolved "https://registry.npmjs.org/url-parse/-/url-parse-1.5.10.tgz#9d3c2f736c1d75dd3bd2be507dcc111f1e2ea9c1"
  integrity sha512-WypcfiRhfeUP9vvF0j6rw0J3hrWrw6iZv3+22h6iRMJ/8z1Tj6XfLP4DsUix5MhMPnXpiHDoKyoZ/bdCkwBCiQ==
  dependencies:
    querystringify "^2.1.1"
    requires-port "^1.0.0"

workerpool@^9.2.0:
  version "9.3.4"
  resolved "https://registry.npmjs.org/workerpool/-/workerpool-9.3.4.tgz#f6c92395b2141afd78e2a889e80cb338fe9fca41"
  integrity sha512-TmPRQYYSAnnDiEB0P/Ytip7bFGvqnSU6I2BcuSw7Hx+JSg/DsUi5ebYfc8GYaSdpuvOcEs6dXxPurOYpe9QFwg==

ws@8.17.1:
  version "8.17.1"
  resolved "https://registry.npmjs.org/ws/-/ws-8.17.1.tgz#9293da530bb548febc95371d90f9c878727d919b"
  integrity sha512-6XQFvXTkbfUOZOKKILFG1PDK2NDQs4azKQl26T0YS5CxqWLgXajbPZ+h4gZekJyRqFU8pvnbAbbs/3TgRPy+GQ==

yocto-queue@^1.2.1:
  version "1.2.1"
  resolved "https://registry.npmjs.org/yocto-queue/-/yocto-queue-1.2.1.tgz#36d7c4739f775b3cbc28e6136e21aa057adec418"
  integrity sha512-AyeEbWOu/TAXdxlV9wmGcR0+yh2j3vYPGOECcIj2S7MkrLyC7ne+oye2BKTItt0ii2PHk4cDy+95+LshzbXnGg==
